
Microsoft Visual Studio Solution File, Format Version 12.00
# Visual Studio Version 17
VisualStudioVersion = 17.3.32922.545
MinimumVisualStudioVersion = 10.0.40219.1
Project("{FAE04EC0-301F-11D3-BF4B-00C04F79EFBC}") = "AutoAcceptDota2", "AutoAcceptDota2.csproj", "{1905C8AF-1CA4-4891-8348-A7BD17F3F6C8}"
EndProject
Global
	GlobalSection(SolutionConfigurationPlatforms) = preSolution
		Debug|Any CPU = Debug|Any CPU
		Release|Any CPU = Release|Any CPU
	EndGlobalSection
	GlobalSection(ProjectConfigurationPlatforms) = postSolution
		{1905C8AF-1CA4-4891-8348-A7BD17F3F6C8}.Debug|Any CPU.ActiveCfg = Debug|Any CPU
		{1905C8AF-1CA4-4891-8348-A7BD17F3F6C8}.Debug|Any CPU.Build.0 = Debug|Any CPU
		{1905C8AF-1CA4-4891-8348-A7BD17F3F6C8}.Release|Any CPU.ActiveCfg = Release|Any CPU
		{1905C8AF-1CA4-4891-8348-A7BD17F3F6C8}.Release|Any CPU.Build.0 = Release|Any CPU
	EndGlobalSection
	GlobalSection(SolutionProperties) = preSolution
		HideSolutionNode = FALSE
	EndGlobalSection
	GlobalSection(ExtensibilityGlobals) = postSolution
		SolutionGuid = {D91486E5-DF8B-400E-BAD6-8E781E3FD307}
	EndGlobalSection
EndGlobal
